
Microsoft Visual Studio Solution File, Format Version 10.00
# Visual Studio 2008
Project("{FAE04EC0-301F-11D3-BF4B-00C04F79EFBC}") = "Orders_VS2008", "Orders_VS2008.csproj", "{591C3E59-8FB7-4592-9074-2D9CFB088EC4}"
EndProject
Global
	GlobalSection(SolutionConfigurationPlatforms) = preSolution
		Debug|Any CPU = Debug|Any CPU
		Release|Any CPU = Release|Any CPU
	EndGlobalSection
	GlobalSection(ProjectConfigurationPlatforms) = postSolution
		{591C3E59-8FB7-4592-9074-2D9CFB088EC4}.Debug|Any CPU.ActiveCfg = Debug|Any CPU
		{591C3E59-8FB7-4592-9074-2D9CFB088EC4}.Debug|Any CPU.Build.0 = Debug|Any CPU
		{591C3E59-8FB7-4592-9074-2D9CFB088EC4}.Release|Any CPU.ActiveCfg = Release|Any CPU
		{591C3E59-8FB7-4592-9074-2D9CFB088EC4}.Release|Any CPU.Build.0 = Release|Any CPU
	EndGlobalSection
	GlobalSection(SolutionProperties) = preSolution
		HideSolutionNode = FALSE
	EndGlobalSection
EndGlobal
